
Microsoft Visual Studio Solution File, Format Version 12.00
# Visual Studio Version 17
VisualStudioVersion = 17.9.34622.214
MinimumVisualStudioVersion = 10.0.40219.1
Project("{FAE04EC0-301F-11D3-BF4B-00C04F79EFBC}") = "24_10_2024(BT them)", "24_10_2024(BT them).csproj", "{8DAF73FE-4741-4EA5-873F-99D7EC1265A7}"
EndProject
Global
	GlobalSection(SolutionConfigurationPlatforms) = preSolution
		Debug|Any CPU = Debug|Any CPU
		Release|Any CPU = Release|Any CPU
	EndGlobalSection
	GlobalSection(ProjectConfigurationPlatforms) = postSolution
		{8DAF73FE-4741-4EA5-873F-99D7EC1265A7}.Debug|Any CPU.ActiveCfg = Debug|Any CPU
		{8DAF73FE-4741-4EA5-873F-99D7EC1265A7}.Debug|Any CPU.Build.0 = Debug|Any CPU
		{8DAF73FE-4741-4EA5-873F-99D7EC1265A7}.Release|Any CPU.ActiveCfg = Release|Any CPU
		{8DAF73FE-4741-4EA5-873F-99D7EC1265A7}.Release|Any CPU.Build.0 = Release|Any CPU
	EndGlobalSection
	GlobalSection(SolutionProperties) = preSolution
		HideSolutionNode = FALSE
	EndGlobalSection
	GlobalSection(ExtensibilityGlobals) = postSolution
		SolutionGuid = {E5E102F7-A72D-48F8-AF6D-AD6E233F6F30}
	EndGlobalSection
EndGlobal
