
Microsoft Visual Studio Solution File, Format Version 12.00
# Visual Studio Version 17
VisualStudioVersion = 17.5.002.0
MinimumVisualStudioVersion = 10.0.40219.1
Project("{9A19103F-16F7-4668-BE54-9A1E7A4F7556}") = "25_09_2004", "25_09_2004.csproj", "{4181E39D-F867-4EDD-ADA6-46C2E8F69DCA}"
EndProject
Global
	GlobalSection(SolutionConfigurationPlatforms) = preSolution
		Debug|Any CPU = Debug|Any CPU
		Release|Any CPU = Release|Any CPU
	EndGlobalSection
	GlobalSection(ProjectConfigurationPlatforms) = postSolution
		{4181E39D-F867-4EDD-ADA6-46C2E8F69DCA}.Debug|Any CPU.ActiveCfg = Debug|Any CPU
		{4181E39D-F867-4EDD-ADA6-46C2E8F69DCA}.Debug|Any CPU.Build.0 = Debug|Any CPU
		{4181E39D-F867-4EDD-ADA6-46C2E8F69DCA}.Release|Any CPU.ActiveCfg = Release|Any CPU
		{4181E39D-F867-4EDD-ADA6-46C2E8F69DCA}.Release|Any CPU.Build.0 = Release|Any CPU
	EndGlobalSection
	GlobalSection(SolutionProperties) = preSolution
		HideSolutionNode = FALSE
	EndGlobalSection
	GlobalSection(ExtensibilityGlobals) = postSolution
		SolutionGuid = {4144C91E-1720-43BF-9D2E-FCBF6CF7F243}
	EndGlobalSection
EndGlobal
